// !$*UTF8*$!
{
	archiveVersion = 1;
	classes = {
	};
	objectVersion = 46;
	objects = {

/* Begin PBXBuildFile section */
		320580C81BBC9247001DDEF6 /* main.m in Sources */ = {isa = PBXBuildFile; fileRef = 320580C71BBC9247001DDEF6 /* main.m */; };
		320580CB1BBC9247001DDEF6 /* AppDelegate.m in Sources */ = {isa = PBXBuildFile; fileRef = 320580CA1BBC9247001DDEF6 /* AppDelegate.m */; };
		320580D11BBC9247001DDEF6 /* Main.storyboard in Resources */ = {isa = PBXBuildFile; fileRef = 320580CF1BBC9247001DDEF6 /* Main.storyboard */; };
		320580D31BBC9247001DDEF6 /* Assets.xcassets in Resources */ = {isa = PBXBuildFile; fileRef = 320580D21BBC9247001DDEF6 /* Assets.xcassets */; };
		320580D61BBC9247001DDEF6 /* LaunchScreen.storyboard in Resources */ = {isa = PBXBuildFile; fileRef = 320580D41BBC9247001DDEF6 /* LaunchScreen.storyboard */; };
		320580E11BBC9248001DDEF6 /* BudgetRushTests.m in Sources */ = {isa = PBXBuildFile; fileRef = 320580E01BBC9248001DDEF6 /* BudgetRushTests.m */; };
		320580EC1BBC9248001DDEF6 /* BudgetRushUITests.m in Sources */ = {isa = PBXBuildFile; fileRef = 320580EB1BBC9248001DDEF6 /* BudgetRushUITests.m */; };
		322844601BC3188B00541A05 /* AFNetworkActivityLogger.m in Sources */ = {isa = PBXBuildFile; fileRef = 3228445F1BC3188B00541A05 /* AFNetworkActivityLogger.m */; };
		32AEFEC01BC5F00C009B46CE /* DSBaseModel.m in Sources */ = {isa = PBXBuildFile; fileRef = 32AEFEBF1BC5F00C009B46CE /* DSBaseModel.m */; };
		634B1B87BBB1E22B095A046D /* libPods-BudgetRush.a in Frameworks */ = {isa = PBXBuildFile; fileRef = 4EA633A01B388E241E90D3D4 /* libPods-BudgetRush.a */; };
		9D7561751C1A3C7D0072CF14 /* DSCategoryViewController.m in Sources */ = {isa = PBXBuildFile; fileRef = 9D7561741C1A3C7D0072CF14 /* DSCategoryViewController.m */; };
		9D7561781C1A3C9E0072CF14 /* DSCurrencyViewController.m in Sources */ = {isa = PBXBuildFile; fileRef = 9D7561771C1A3C9E0072CF14 /* DSCurrencyViewController.m */; };
		BF43E90B1C15C73200D26B18 /* TOS&PP.json in Resources */ = {isa = PBXBuildFile; fileRef = BF43E90A1C15C73200D26B18 /* TOS&PP.json */; };
		BF55F2BC1C04E7600050CAA1 /* DSLoginViewController.m in Sources */ = {isa = PBXBuildFile; fileRef = BF55F2BB1C04E7600050CAA1 /* DSLoginViewController.m */; };
		BF55F2C21C04E79E0050CAA1 /* DSTOSViewController.m in Sources */ = {isa = PBXBuildFile; fileRef = BF55F2C11C04E79E0050CAA1 /* DSTOSViewController.m */; };
		BF55F2C51C04E7FE0050CAA1 /* DSRecoveryViewController.m in Sources */ = {isa = PBXBuildFile; fileRef = BF55F2C41C04E7FE0050CAA1 /* DSRecoveryViewController.m */; };
		BF55F2C81C04E8CD0050CAA1 /* DSSettingsViewController.m in Sources */ = {isa = PBXBuildFile; fileRef = BF55F2C71C04E8CD0050CAA1 /* DSSettingsViewController.m */; };
		BF55F2CB1C04E8FF0050CAA1 /* DSAccountsViewController.m in Sources */ = {isa = PBXBuildFile; fileRef = BF55F2CA1C04E8FF0050CAA1 /* DSAccountsViewController.m */; };
		BF55F2CE1C04EA770050CAA1 /* DSAccountViewController.m in Sources */ = {isa = PBXBuildFile; fileRef = BF55F2CD1C04EA770050CAA1 /* DSAccountViewController.m */; };
		BF55F2D11C04EAB70050CAA1 /* DSSignUpViewController.m in Sources */ = {isa = PBXBuildFile; fileRef = BF55F2D01C04EAB70050CAA1 /* DSSignUpViewController.m */; };
		BF6174751C0BC82B00A52A46 /* DSViewOrdersViewController.m in Sources */ = {isa = PBXBuildFile; fileRef = BF6174741C0BC82B00A52A46 /* DSViewOrdersViewController.m */; };
		BF6174781C0BC86C00A52A46 /* DSCreateOrderViewController.m in Sources */ = {isa = PBXBuildFile; fileRef = BF6174771C0BC86C00A52A46 /* DSCreateOrderViewController.m */; };
		BFA747861BE44BF900843FC5 /* DSDataManager.m in Sources */ = {isa = PBXBuildFile; fileRef = BFA747851BE44BF900843FC5 /* DSDataManager.m */; };
		BFF1358B1BBD73100047AD90 /* DSTourViewController.m in Sources */ = {isa = PBXBuildFile; fileRef = BFF1358A1BBD73100047AD90 /* DSTourViewController.m */; };
		BFF135901BBD75BE0047AD90 /* DSAccount.m in Sources */ = {isa = PBXBuildFile; fileRef = BFF1358F1BBD75BE0047AD90 /* DSAccount.m */; };
		BFF135931BBD77960047AD90 /* DSCategory.m in Sources */ = {isa = PBXBuildFile; fileRef = BFF135921BBD77960047AD90 /* DSCategory.m */; };
		BFF135961BBD78390047AD90 /* DSContractor.m in Sources */ = {isa = PBXBuildFile; fileRef = BFF135951BBD78390047AD90 /* DSContractor.m */; };
		BFF135991BBD78F60047AD90 /* DSCurrency.m in Sources */ = {isa = PBXBuildFile; fileRef = BFF135981BBD78F60047AD90 /* DSCurrency.m */; };
		BFF1359C1BBD7CE90047AD90 /* DSOrder.m in Sources */ = {isa = PBXBuildFile; fileRef = BFF1359B1BBD7CE90047AD90 /* DSOrder.m */; };
		BFF1359F1BBD81D10047AD90 /* DSUser.m in Sources */ = {isa = PBXBuildFile; fileRef = BFF1359E1BBD81D10047AD90 /* DSUser.m */; };
		BFF135A21BBD83270047AD90 /* DSAccessToken.m in Sources */ = {isa = PBXBuildFile; fileRef = BFF135A11BBD83270047AD90 /* DSAccessToken.m */; };
		BFF135A51BBD843B0047AD90 /* DSApiManager.m in Sources */ = {isa = PBXBuildFile; fileRef = BFF135A41BBD843B0047AD90 /* DSApiManager.m */; };
/* End PBXBuildFile section */

/* Begin PBXContainerItemProxy section */
		320580DD1BBC9248001DDEF6 /* PBXContainerItemProxy */ = {
			isa = PBXContainerItemProxy;
			containerPortal = 320580BB1BBC9246001DDEF6 /* Project object */;
			proxyType = 1;
			remoteGlobalIDString = 320580C21BBC9247001DDEF6;
			remoteInfo = BudgetRush;
		};
		320580E81BBC9248001DDEF6 /* PBXContainerItemProxy */ = {
			isa = PBXContainerItemProxy;
			containerPortal = 320580BB1BBC9246001DDEF6 /* Project object */;
			proxyType = 1;
			remoteGlobalIDString = 320580C21BBC9247001DDEF6;
			remoteInfo = BudgetRush;
		};
/* End PBXContainerItemProxy section */

/* Begin PBXFileReference section */
		320580C31BBC9247001DDEF6 /* BudgetRush.app */ = {isa = PBXFileReference; explicitFileType = wrapper.application; includeInIndex = 0; path = BudgetRush.app; sourceTree = BUILT_PRODUCTS_DIR; };
		320580C71BBC9247001DDEF6 /* main.m */ = {isa = PBXFileReference; lastKnownFileType = sourcecode.c.objc; path = main.m; sourceTree = "<group>"; };
		320580C91BBC9247001DDEF6 /* AppDelegate.h */ = {isa = PBXFileReference; lastKnownFileType = sourcecode.c.h; path = AppDelegate.h; sourceTree = "<group>"; };
		320580CA1BBC9247001DDEF6 /* AppDelegate.m */ = {isa = PBXFileReference; lastKnownFileType = sourcecode.c.objc; path = AppDelegate.m; sourceTree = "<group>"; };
		320580D01BBC9247001DDEF6 /* Base */ = {isa = PBXFileReference; lastKnownFileType = file.storyboard; name = Base; path = Base.lproj/Main.storyboard; sourceTree = "<group>"; };
		320580D21BBC9247001DDEF6 /* Assets.xcassets */ = {isa = PBXFileReference; lastKnownFileType = folder.assetcatalog; path = Assets.xcassets; sourceTree = "<group>"; };
		320580D51BBC9247001DDEF6 /* Base */ = {isa = PBXFileReference; lastKnownFileType = file.storyboard; name = Base; path = Base.lproj/LaunchScreen.storyboard; sourceTree = "<group>"; };
		320580D71BBC9247001DDEF6 /* Info.plist */ = {isa = PBXFileReference; lastKnownFileType = text.plist.xml; path = Info.plist; sourceTree = "<group>"; };
		320580DC1BBC9248001DDEF6 /* BudgetRushTests.xctest */ = {isa = PBXFileReference; explicitFileType = wrapper.cfbundle; includeInIndex = 0; path = BudgetRushTests.xctest; sourceTree = BUILT_PRODUCTS_DIR; };
		320580E01BBC9248001DDEF6 /* BudgetRushTests.m */ = {isa = PBXFileReference; lastKnownFileType = sourcecode.c.objc; path = BudgetRushTests.m; sourceTree = "<group>"; };
		320580E21BBC9248001DDEF6 /* Info.plist */ = {isa = PBXFileReference; lastKnownFileType = text.plist.xml; path = Info.plist; sourceTree = "<group>"; };
		320580E71BBC9248001DDEF6 /* BudgetRushUITests.xctest */ = {isa = PBXFileReference; explicitFileType = wrapper.cfbundle; includeInIndex = 0; path = BudgetRushUITests.xctest; sourceTree = BUILT_PRODUCTS_DIR; };
		320580EB1BBC9248001DDEF6 /* BudgetRushUITests.m */ = {isa = PBXFileReference; lastKnownFileType = sourcecode.c.objc; path = BudgetRushUITests.m; sourceTree = "<group>"; };
		320580ED1BBC9248001DDEF6 /* Info.plist */ = {isa = PBXFileReference; lastKnownFileType = text.plist.xml; path = Info.plist; sourceTree = "<group>"; };
		3228445E1BC3188B00541A05 /* AFNetworkActivityLogger.h */ = {isa = PBXFileReference; fileEncoding = 4; lastKnownFileType = sourcecode.c.h; path = AFNetworkActivityLogger.h; sourceTree = "<group>"; };
		3228445F1BC3188B00541A05 /* AFNetworkActivityLogger.m */ = {isa = PBXFileReference; fileEncoding = 4; lastKnownFileType = sourcecode.c.objc; path = AFNetworkActivityLogger.m; sourceTree = "<group>"; };
		32AEFEBE1BC5F00C009B46CE /* DSBaseModel.h */ = {isa = PBXFileReference; fileEncoding = 4; lastKnownFileType = sourcecode.c.h; name = DSBaseModel.h; path = models/DSBaseModel.h; sourceTree = "<group>"; };
		32AEFEBF1BC5F00C009B46CE /* DSBaseModel.m */ = {isa = PBXFileReference; fileEncoding = 4; lastKnownFileType = sourcecode.c.objc; name = DSBaseModel.m; path = models/DSBaseModel.m; sourceTree = "<group>"; };
		32B464F61BCB4C27005705D2 /* Settings.h */ = {isa = PBXFileReference; fileEncoding = 4; lastKnownFileType = sourcecode.c.h; path = Settings.h; sourceTree = "<group>"; };
		4B41B08121D9ED967924F665 /* Pods-BudgetRush.debug.xcconfig */ = {isa = PBXFileReference; includeInIndex = 1; lastKnownFileType = text.xcconfig; name = "Pods-BudgetRush.debug.xcconfig"; path = "Pods/Target Support Files/Pods-BudgetRush/Pods-BudgetRush.debug.xcconfig"; sourceTree = "<group>"; };
		4EA633A01B388E241E90D3D4 /* libPods-BudgetRush.a */ = {isa = PBXFileReference; explicitFileType = archive.ar; includeInIndex = 0; path = "libPods-BudgetRush.a"; sourceTree = BUILT_PRODUCTS_DIR; };
		9B9FC88088F091ED097136AC /* Pods-BudgetRush.release.xcconfig */ = {isa = PBXFileReference; includeInIndex = 1; lastKnownFileType = text.xcconfig; name = "Pods-BudgetRush.release.xcconfig"; path = "Pods/Target Support Files/Pods-BudgetRush/Pods-BudgetRush.release.xcconfig"; sourceTree = "<group>"; };
		9D7561731C1A3C7D0072CF14 /* DSCategoryViewController.h */ = {isa = PBXFileReference; fileEncoding = 4; lastKnownFileType = sourcecode.c.h; name = DSCategoryViewController.h; path = controllers/DSCategoryViewController.h; sourceTree = "<group>"; };
		9D7561741C1A3C7D0072CF14 /* DSCategoryViewController.m */ = {isa = PBXFileReference; fileEncoding = 4; lastKnownFileType = sourcecode.c.objc; name = DSCategoryViewController.m; path = controllers/DSCategoryViewController.m; sourceTree = "<group>"; };
		9D7561761C1A3C9E0072CF14 /* DSCurrencyViewController.h */ = {isa = PBXFileReference; fileEncoding = 4; lastKnownFileType = sourcecode.c.h; path = DSCurrencyViewController.h; sourceTree = "<group>"; };
		9D7561771C1A3C9E0072CF14 /* DSCurrencyViewController.m */ = {isa = PBXFileReference; fileEncoding = 4; lastKnownFileType = sourcecode.c.objc; path = DSCurrencyViewController.m; sourceTree = "<group>"; };
		BF43E90A1C15C73200D26B18 /* TOS&PP.json */ = {isa = PBXFileReference; fileEncoding = 4; lastKnownFileType = text.json; path = "TOS&PP.json"; sourceTree = "<group>"; };
		BF55F2BA1C04E7600050CAA1 /* DSLoginViewController.h */ = {isa = PBXFileReference; fileEncoding = 4; lastKnownFileType = sourcecode.c.h; name = DSLoginViewController.h; path = controllers/DSLoginViewController.h; sourceTree = "<group>"; };
		BF55F2BB1C04E7600050CAA1 /* DSLoginViewController.m */ = {isa = PBXFileReference; fileEncoding = 4; lastKnownFileType = sourcecode.c.objc; name = DSLoginViewController.m; path = controllers/DSLoginViewController.m; sourceTree = "<group>"; };
		BF55F2C01C04E79E0050CAA1 /* DSTOSViewController.h */ = {isa = PBXFileReference; fileEncoding = 4; lastKnownFileType = sourcecode.c.h; name = DSTOSViewController.h; path = controllers/DSTOSViewController.h; sourceTree = "<group>"; };
		BF55F2C11C04E79E0050CAA1 /* DSTOSViewController.m */ = {isa = PBXFileReference; fileEncoding = 4; lastKnownFileType = sourcecode.c.objc; name = DSTOSViewController.m; path = controllers/DSTOSViewController.m; sourceTree = "<group>"; };
		BF55F2C31C04E7FE0050CAA1 /* DSRecoveryViewController.h */ = {isa = PBXFileReference; fileEncoding = 4; lastKnownFileType = sourcecode.c.h; name = DSRecoveryViewController.h; path = controllers/DSRecoveryViewController.h; sourceTree = "<group>"; };
		BF55F2C41C04E7FE0050CAA1 /* DSRecoveryViewController.m */ = {isa = PBXFileReference; fileEncoding = 4; lastKnownFileType = sourcecode.c.objc; name = DSRecoveryViewController.m; path = controllers/DSRecoveryViewController.m; sourceTree = "<group>"; };
		BF55F2C61C04E8CD0050CAA1 /* DSSettingsViewController.h */ = {isa = PBXFileReference; fileEncoding = 4; lastKnownFileType = sourcecode.c.h; name = DSSettingsViewController.h; path = controllers/DSSettingsViewController.h; sourceTree = "<group>"; };
		BF55F2C71C04E8CD0050CAA1 /* DSSettingsViewController.m */ = {isa = PBXFileReference; fileEncoding = 4; lastKnownFileType = sourcecode.c.objc; name = DSSettingsViewController.m; path = controllers/DSSettingsViewController.m; sourceTree = "<group>"; };
		BF55F2C91C04E8FF0050CAA1 /* DSAccountsViewController.h */ = {isa = PBXFileReference; fileEncoding = 4; lastKnownFileType = sourcecode.c.h; name = DSAccountsViewController.h; path = controllers/DSAccountsViewController.h; sourceTree = "<group>"; };
		BF55F2CA1C04E8FF0050CAA1 /* DSAccountsViewController.m */ = {isa = PBXFileReference; fileEncoding = 4; lastKnownFileType = sourcecode.c.objc; name = DSAccountsViewController.m; path = controllers/DSAccountsViewController.m; sourceTree = "<group>"; };
		BF55F2CC1C04EA770050CAA1 /* DSAccountViewController.h */ = {isa = PBXFileReference; fileEncoding = 4; lastKnownFileType = sourcecode.c.h; name = DSAccountViewController.h; path = controllers/DSAccountViewController.h; sourceTree = "<group>"; };
		BF55F2CD1C04EA770050CAA1 /* DSAccountViewController.m */ = {isa = PBXFileReference; fileEncoding = 4; lastKnownFileType = sourcecode.c.objc; name = DSAccountViewController.m; path = controllers/DSAccountViewController.m; sourceTree = "<group>"; };
		BF55F2CF1C04EAB70050CAA1 /* DSSignUpViewController.h */ = {isa = PBXFileReference; fileEncoding = 4; lastKnownFileType = sourcecode.c.h; name = DSSignUpViewController.h; path = controllers/DSSignUpViewController.h; sourceTree = "<group>"; };
		BF55F2D01C04EAB70050CAA1 /* DSSignUpViewController.m */ = {isa = PBXFileReference; fileEncoding = 4; lastKnownFileType = sourcecode.c.objc; name = DSSignUpViewController.m; path = controllers/DSSignUpViewController.m; sourceTree = "<group>"; };
		BF6174731C0BC82B00A52A46 /* DSViewOrdersViewController.h */ = {isa = PBXFileReference; fileEncoding = 4; lastKnownFileType = sourcecode.c.h; name = DSViewOrdersViewController.h; path = controllers/DSViewOrdersViewController.h; sourceTree = "<group>"; };
		BF6174741C0BC82B00A52A46 /* DSViewOrdersViewController.m */ = {isa = PBXFileReference; fileEncoding = 4; lastKnownFileType = sourcecode.c.objc; name = DSViewOrdersViewController.m; path = controllers/DSViewOrdersViewController.m; sourceTree = "<group>"; };
		BF6174761C0BC86C00A52A46 /* DSCreateOrderViewController.h */ = {isa = PBXFileReference; fileEncoding = 4; lastKnownFileType = sourcecode.c.h; name = DSCreateOrderViewController.h; path = controllers/DSCreateOrderViewController.h; sourceTree = "<group>"; };
		BF6174771C0BC86C00A52A46 /* DSCreateOrderViewController.m */ = {isa = PBXFileReference; fileEncoding = 4; lastKnownFileType = sourcecode.c.objc; name = DSCreateOrderViewController.m; path = controllers/DSCreateOrderViewController.m; sourceTree = "<group>"; };
		BFA747841BE44BF900843FC5 /* DSDataManager.h */ = {isa = PBXFileReference; fileEncoding = 4; lastKnownFileType = sourcecode.c.h; name = DSDataManager.h; path = manager/DSDataManager.h; sourceTree = "<group>"; };
		BFA747851BE44BF900843FC5 /* DSDataManager.m */ = {isa = PBXFileReference; fileEncoding = 4; lastKnownFileType = sourcecode.c.objc; name = DSDataManager.m; path = manager/DSDataManager.m; sourceTree = "<group>"; };
		BFF135891BBD73090047AD90 /* DSTourViewController.h */ = {isa = PBXFileReference; fileEncoding = 4; lastKnownFileType = sourcecode.c.h; name = DSTourViewController.h; path = controllers/DSTourViewController.h; sourceTree = "<group>"; };
		BFF1358A1BBD73100047AD90 /* DSTourViewController.m */ = {isa = PBXFileReference; fileEncoding = 4; lastKnownFileType = sourcecode.c.objc; name = DSTourViewController.m; path = controllers/DSTourViewController.m; sourceTree = "<group>"; };
		BFF1358E1BBD75BE0047AD90 /* DSAccount.h */ = {isa = PBXFileReference; fileEncoding = 4; lastKnownFileType = sourcecode.c.h; name = DSAccount.h; path = models/DSAccount.h; sourceTree = "<group>"; };
		BFF1358F1BBD75BE0047AD90 /* DSAccount.m */ = {isa = PBXFileReference; fileEncoding = 4; lastKnownFileType = sourcecode.c.objc; name = DSAccount.m; path = models/DSAccount.m; sourceTree = "<group>"; };
		BFF135911BBD77960047AD90 /* DSCategory.h */ = {isa = PBXFileReference; fileEncoding = 4; lastKnownFileType = sourcecode.c.h; name = DSCategory.h; path = models/DSCategory.h; sourceTree = "<group>"; };
		BFF135921BBD77960047AD90 /* DSCategory.m */ = {isa = PBXFileReference; fileEncoding = 4; lastKnownFileType = sourcecode.c.objc; name = DSCategory.m; path = models/DSCategory.m; sourceTree = "<group>"; };
		BFF135941BBD78390047AD90 /* DSContractor.h */ = {isa = PBXFileReference; fileEncoding = 4; lastKnownFileType = sourcecode.c.h; name = DSContractor.h; path = models/DSContractor.h; sourceTree = "<group>"; };
		BFF135951BBD78390047AD90 /* DSContractor.m */ = {isa = PBXFileReference; fileEncoding = 4; lastKnownFileType = sourcecode.c.objc; name = DSContractor.m; path = models/DSContractor.m; sourceTree = "<group>"; };
		BFF135971BBD78F60047AD90 /* DSCurrency.h */ = {isa = PBXFileReference; fileEncoding = 4; lastKnownFileType = sourcecode.c.h; name = DSCurrency.h; path = models/DSCurrency.h; sourceTree = "<group>"; };
		BFF135981BBD78F60047AD90 /* DSCurrency.m */ = {isa = PBXFileReference; fileEncoding = 4; lastKnownFileType = sourcecode.c.objc; name = DSCurrency.m; path = models/DSCurrency.m; sourceTree = "<group>"; };
		BFF1359A1BBD7CE90047AD90 /* DSOrder.h */ = {isa = PBXFileReference; fileEncoding = 4; lastKnownFileType = sourcecode.c.h; name = DSOrder.h; path = models/DSOrder.h; sourceTree = "<group>"; };
		BFF1359B1BBD7CE90047AD90 /* DSOrder.m */ = {isa = PBXFileReference; fileEncoding = 4; lastKnownFileType = sourcecode.c.objc; name = DSOrder.m; path = models/DSOrder.m; sourceTree = "<group>"; };
		BFF1359D1BBD81D10047AD90 /* DSUser.h */ = {isa = PBXFileReference; fileEncoding = 4; lastKnownFileType = sourcecode.c.h; name = DSUser.h; path = models/DSUser.h; sourceTree = "<group>"; };
		BFF1359E1BBD81D10047AD90 /* DSUser.m */ = {isa = PBXFileReference; fileEncoding = 4; lastKnownFileType = sourcecode.c.objc; name = DSUser.m; path = models/DSUser.m; sourceTree = "<group>"; };
		BFF135A01BBD83270047AD90 /* DSAccessToken.h */ = {isa = PBXFileReference; fileEncoding = 4; lastKnownFileType = sourcecode.c.h; name = DSAccessToken.h; path = models/DSAccessToken.h; sourceTree = "<group>"; };
		BFF135A11BBD83270047AD90 /* DSAccessToken.m */ = {isa = PBXFileReference; fileEncoding = 4; lastKnownFileType = sourcecode.c.objc; name = DSAccessToken.m; path = models/DSAccessToken.m; sourceTree = "<group>"; };
		BFF135A31BBD843B0047AD90 /* DSApiManager.h */ = {isa = PBXFileReference; fileEncoding = 4; lastKnownFileType = sourcecode.c.h; name = DSApiManager.h; path = manager/DSApiManager.h; sourceTree = "<group>"; };
		BFF135A41BBD843B0047AD90 /* DSApiManager.m */ = {isa = PBXFileReference; fileEncoding = 4; lastKnownFileType = sourcecode.c.objc; name = DSApiManager.m; path = manager/DSApiManager.m; sourceTree = "<group>"; };
/* End PBXFileReference section */

/* Begin PBXFrameworksBuildPhase section */
		320580C01BBC9247001DDEF6 /* Frameworks */ = {
			isa = PBXFrameworksBuildPhase;
			buildActionMask = 2147483647;
			files = (
				634B1B87BBB1E22B095A046D /* libPods-BudgetRush.a in Frameworks */,
			);
			runOnlyForDeploymentPostprocessing = 0;
		};
		320580D91BBC9248001DDEF6 /* Frameworks */ = {
			isa = PBXFrameworksBuildPhase;
			buildActionMask = 2147483647;
			files = (
			);
			runOnlyForDeploymentPostprocessing = 0;
		};
		320580E41BBC9248001DDEF6 /* Frameworks */ = {
			isa = PBXFrameworksBuildPhase;
			buildActionMask = 2147483647;
			files = (
			);
			runOnlyForDeploymentPostprocessing = 0;
		};
/* End PBXFrameworksBuildPhase section */

/* Begin PBXGroup section */
		320580BA1BBC9246001DDEF6 = {
			isa = PBXGroup;
			children = (
				320580C51BBC9247001DDEF6 /* BudgetRush */,
				320580DF1BBC9248001DDEF6 /* BudgetRushTests */,
				320580EA1BBC9248001DDEF6 /* BudgetRushUITests */,
				320580C41BBC9247001DDEF6 /* Products */,
				8A1D9DDEF7ADD65281055023 /* Pods */,
				A489C9BB7FDDA9EE2286A7A7 /* Frameworks */,
			);
			sourceTree = "<group>";
		};
		320580C41BBC9247001DDEF6 /* Products */ = {
			isa = PBXGroup;
			children = (
				320580C31BBC9247001DDEF6 /* BudgetRush.app */,
				320580DC1BBC9248001DDEF6 /* BudgetRushTests.xctest */,
				320580E71BBC9248001DDEF6 /* BudgetRushUITests.xctest */,
			);
			name = Products;
			sourceTree = "<group>";
		};
		320580C51BBC9247001DDEF6 /* BudgetRush */ = {
			isa = PBXGroup;
			children = (
				BF43E90A1C15C73200D26B18 /* TOS&PP.json */,
				32B464F61BCB4C27005705D2 /* Settings.h */,
				3228445D1BC3188B00541A05 /* AFNetworkActivityLogger */,
				BFF1358D1BBD73240047AD90 /* manager */,
				BFF1358C1BBD731C0047AD90 /* models */,
				BFF135881BBD72DD0047AD90 /* controllers */,
				320580C91BBC9247001DDEF6 /* AppDelegate.h */,
				320580CA1BBC9247001DDEF6 /* AppDelegate.m */,
				320580CF1BBC9247001DDEF6 /* Main.storyboard */,
				320580D21BBC9247001DDEF6 /* Assets.xcassets */,
				320580D41BBC9247001DDEF6 /* LaunchScreen.storyboard */,
				320580D71BBC9247001DDEF6 /* Info.plist */,
				320580C61BBC9247001DDEF6 /* Supporting Files */,
			);
			path = BudgetRush;
			sourceTree = "<group>";
		};
		320580C61BBC9247001DDEF6 /* Supporting Files */ = {
			isa = PBXGroup;
			children = (
				320580C71BBC9247001DDEF6 /* main.m */,
			);
			name = "Supporting Files";
			sourceTree = "<group>";
		};
		320580DF1BBC9248001DDEF6 /* BudgetRushTests */ = {
			isa = PBXGroup;
			children = (
				320580E01BBC9248001DDEF6 /* BudgetRushTests.m */,
				320580E21BBC9248001DDEF6 /* Info.plist */,
			);
			path = BudgetRushTests;
			sourceTree = "<group>";
		};
		320580EA1BBC9248001DDEF6 /* BudgetRushUITests */ = {
			isa = PBXGroup;
			children = (
				320580EB1BBC9248001DDEF6 /* BudgetRushUITests.m */,
				320580ED1BBC9248001DDEF6 /* Info.plist */,
			);
			path = BudgetRushUITests;
			sourceTree = "<group>";
		};
		3228445D1BC3188B00541A05 /* AFNetworkActivityLogger */ = {
			isa = PBXGroup;
			children = (
				3228445E1BC3188B00541A05 /* AFNetworkActivityLogger.h */,
				3228445F1BC3188B00541A05 /* AFNetworkActivityLogger.m */,
			);
			path = AFNetworkActivityLogger;
			sourceTree = "<group>";
		};
		8A1D9DDEF7ADD65281055023 /* Pods */ = {
			isa = PBXGroup;
			children = (
				4B41B08121D9ED967924F665 /* Pods-BudgetRush.debug.xcconfig */,
				9B9FC88088F091ED097136AC /* Pods-BudgetRush.release.xcconfig */,
			);
			name = Pods;
			sourceTree = "<group>";
		};
		A489C9BB7FDDA9EE2286A7A7 /* Frameworks */ = {
			isa = PBXGroup;
			children = (
				4EA633A01B388E241E90D3D4 /* libPods-BudgetRush.a */,
			);
			name = Frameworks;
			sourceTree = "<group>";
		};
		BFF135881BBD72DD0047AD90 /* controllers */ = {
			isa = PBXGroup;
			children = (
				BF6174761C0BC86C00A52A46 /* DSCreateOrderViewController.h */,
				BF6174771C0BC86C00A52A46 /* DSCreateOrderViewController.m */,
				BF6174731C0BC82B00A52A46 /* DSViewOrdersViewController.h */,
				BF6174741C0BC82B00A52A46 /* DSViewOrdersViewController.m */,
				BF55F2CC1C04EA770050CAA1 /* DSAccountViewController.h */,
				BF55F2CD1C04EA770050CAA1 /* DSAccountViewController.m */,
				BFF135891BBD73090047AD90 /* DSTourViewController.h */,
				BFF1358A1BBD73100047AD90 /* DSTourViewController.m */,
				BF55F2BA1C04E7600050CAA1 /* DSLoginViewController.h */,
				BF55F2BB1C04E7600050CAA1 /* DSLoginViewController.m */,
				BF55F2C01C04E79E0050CAA1 /* DSTOSViewController.h */,
				BF55F2C11C04E79E0050CAA1 /* DSTOSViewController.m */,
				BF55F2C31C04E7FE0050CAA1 /* DSRecoveryViewController.h */,
				BF55F2C41C04E7FE0050CAA1 /* DSRecoveryViewController.m */,
				BF55F2C61C04E8CD0050CAA1 /* DSSettingsViewController.h */,
				BF55F2C71C04E8CD0050CAA1 /* DSSettingsViewController.m */,
				BF55F2C91C04E8FF0050CAA1 /* DSAccountsViewController.h */,
				BF55F2CA1C04E8FF0050CAA1 /* DSAccountsViewController.m */,
				BF55F2CF1C04EAB70050CAA1 /* DSSignUpViewController.h */,
				BF55F2D01C04EAB70050CAA1 /* DSSignUpViewController.m */,
				9D7561731C1A3C7D0072CF14 /* DSCategoryViewController.h */,
				9D7561741C1A3C7D0072CF14 /* DSCategoryViewController.m */,
				9D7561761C1A3C9E0072CF14 /* DSCurrencyViewController.h */,
				9D7561771C1A3C9E0072CF14 /* DSCurrencyViewController.m */,
			);
			name = controllers;
			sourceTree = "<group>";
		};
		BFF1358C1BBD731C0047AD90 /* models */ = {
			isa = PBXGroup;
			children = (
				32AEFEBE1BC5F00C009B46CE /* DSBaseModel.h */,
				32AEFEBF1BC5F00C009B46CE /* DSBaseModel.m */,
				BFF1358E1BBD75BE0047AD90 /* DSAccount.h */,
				BFF1358F1BBD75BE0047AD90 /* DSAccount.m */,
				BFF135911BBD77960047AD90 /* DSCategory.h */,
				BFF135921BBD77960047AD90 /* DSCategory.m */,
				BFF135941BBD78390047AD90 /* DSContractor.h */,
				BFF135951BBD78390047AD90 /* DSContractor.m */,
				BFF135971BBD78F60047AD90 /* DSCurrency.h */,
				BFF135981BBD78F60047AD90 /* DSCurrency.m */,
				BFF1359A1BBD7CE90047AD90 /* DSOrder.h */,
				BFF1359B1BBD7CE90047AD90 /* DSOrder.m */,
				BFF1359D1BBD81D10047AD90 /* DSUser.h */,
				BFF1359E1BBD81D10047AD90 /* DSUser.m */,
				BFF135A01BBD83270047AD90 /* DSAccessToken.h */,
				BFF135A11BBD83270047AD90 /* DSAccessToken.m */,
			);
			name = models;
			sourceTree = "<group>";
		};
		BFF1358D1BBD73240047AD90 /* manager */ = {
			isa = PBXGroup;
			children = (
				BFF135A31BBD843B0047AD90 /* DSApiManager.h */,
				BFF135A41BBD843B0047AD90 /* DSApiManager.m */,
				BFA747841BE44BF900843FC5 /* DSDataManager.h */,
				BFA747851BE44BF900843FC5 /* DSDataManager.m */,
			);
			name = manager;
			sourceTree = "<group>";
		};
/* End PBXGroup section */

/* Begin PBXNativeTarget section */
		320580C21BBC9247001DDEF6 /* BudgetRush */ = {
			isa = PBXNativeTarget;
			buildConfigurationList = 320580F01BBC9248001DDEF6 /* Build configuration list for PBXNativeTarget "BudgetRush" */;
			buildPhases = (
				FB70CB9BE0BFC60815B0C10C /* Check Pods Manifest.lock */,
				320580BF1BBC9247001DDEF6 /* Sources */,
				320580C01BBC9247001DDEF6 /* Frameworks */,
				320580C11BBC9247001DDEF6 /* Resources */,
				1DE9D0C1A872B3299409F3AA /* Copy Pods Resources */,
				6A5978E8C22A4C45BE360EFC /* Embed Pods Frameworks */,
			);
			buildRules = (
			);
			dependencies = (
			);
			name = BudgetRush;
			productName = BudgetRush;
			productReference = 320580C31BBC9247001DDEF6 /* BudgetRush.app */;
			productType = "com.apple.product-type.application";
		};
		320580DB1BBC9248001DDEF6 /* BudgetRushTests */ = {
			isa = PBXNativeTarget;
			buildConfigurationList = 320580F31BBC9248001DDEF6 /* Build configuration list for PBXNativeTarget "BudgetRushTests" */;
			buildPhases = (
				320580D81BBC9248001DDEF6 /* Sources */,
				320580D91BBC9248001DDEF6 /* Frameworks */,
				320580DA1BBC9248001DDEF6 /* Resources */,
			);
			buildRules = (
			);
			dependencies = (
				320580DE1BBC9248001DDEF6 /* PBXTargetDependency */,
			);
			name = BudgetRushTests;
			productName = BudgetRushTests;
			productReference = 320580DC1BBC9248001DDEF6 /* BudgetRushTests.xctest */;
			productType = "com.apple.product-type.bundle.unit-test";
		};
		320580E61BBC9248001DDEF6 /* BudgetRushUITests */ = {
			isa = PBXNativeTarget;
			buildConfigurationList = 320580F61BBC9248001DDEF6 /* Build configuration list for PBXNativeTarget "BudgetRushUITests" */;
			buildPhases = (
				320580E31BBC9248001DDEF6 /* Sources */,
				320580E41BBC9248001DDEF6 /* Frameworks */,
				320580E51BBC9248001DDEF6 /* Resources */,
			);
			buildRules = (
			);
			dependencies = (
				320580E91BBC9248001DDEF6 /* PBXTargetDependency */,
			);
			name = BudgetRushUITests;
			productName = BudgetRushUITests;
			productReference = 320580E71BBC9248001DDEF6 /* BudgetRushUITests.xctest */;
			productType = "com.apple.product-type.bundle.ui-testing";
		};
/* End PBXNativeTarget section */

/* Begin PBXProject section */
		320580BB1BBC9246001DDEF6 /* Project object */ = {
			isa = PBXProject;
			attributes = {
				LastUpgradeCheck = 0700;
				ORGANIZATIONNAME = "Dima Soldatenko";
				TargetAttributes = {
					320580C21BBC9247001DDEF6 = {
						CreatedOnToolsVersion = 7.0;
					};
					320580DB1BBC9248001DDEF6 = {
						CreatedOnToolsVersion = 7.0;
						TestTargetID = 320580C21BBC9247001DDEF6;
					};
					320580E61BBC9248001DDEF6 = {
						CreatedOnToolsVersion = 7.0;
						TestTargetID = 320580C21BBC9247001DDEF6;
					};
				};
			};
			buildConfigurationList = 320580BE1BBC9247001DDEF6 /* Build configuration list for PBXProject "BudgetRush" */;
			compatibilityVersion = "Xcode 3.2";
			developmentRegion = English;
			hasScannedForEncodings = 0;
			knownRegions = (
				en,
				Base,
			);
			mainGroup = 320580BA1BBC9246001DDEF6;
			productRefGroup = 320580C41BBC9247001DDEF6 /* Products */;
			projectDirPath = "";
			projectRoot = "";
			targets = (
				320580C21BBC9247001DDEF6 /* BudgetRush */,
				320580DB1BBC9248001DDEF6 /* BudgetRushTests */,
				320580E61BBC9248001DDEF6 /* BudgetRushUITests */,
			);
		};
/* End PBXProject section */

/* Begin PBXResourcesBuildPhase section */
		320580C11BBC9247001DDEF6 /* Resources */ = {
			isa = PBXResourcesBuildPhase;
			buildActionMask = 2147483647;
			files = (
				320580D61BBC9247001DDEF6 /* LaunchScreen.storyboard in Resources */,
				320580D31BBC9247001DDEF6 /* Assets.xcassets in Resources */,
				320580D11BBC9247001DDEF6 /* Main.storyboard in Resources */,
				BF43E90B1C15C73200D26B18 /* TOS&PP.json in Resources */,
			);
			runOnlyForDeploymentPostprocessing = 0;
		};
		320580DA1BBC9248001DDEF6 /* Resources */ = {
			isa = PBXResourcesBuildPhase;
			buildActionMask = 2147483647;
			files = (
			);
			runOnlyForDeploymentPostprocessing = 0;
		};
		320580E51BBC9248001DDEF6 /* Resources */ = {
			isa = PBXResourcesBuildPhase;
			buildActionMask = 2147483647;
			files = (
			);
			runOnlyForDeploymentPostprocessing = 0;
		};
/* End PBXResourcesBuildPhase section */

/* Begin PBXShellScriptBuildPhase section */
		1DE9D0C1A872B3299409F3AA /* Copy Pods Resources */ = {
			isa = PBXShellScriptBuildPhase;
			buildActionMask = 2147483647;
			files = (
			);
			inputPaths = (
			);
			name = "Copy Pods Resources";
			outputPaths = (
			);
			runOnlyForDeploymentPostprocessing = 0;
			shellPath = /bin/sh;
			shellScript = "\"${SRCROOT}/Pods/Target Support Files/Pods-BudgetRush/Pods-BudgetRush-resources.sh\"\n";
			showEnvVarsInLog = 0;
		};
		6A5978E8C22A4C45BE360EFC /* Embed Pods Frameworks */ = {
			isa = PBXShellScriptBuildPhase;
			buildActionMask = 2147483647;
			files = (
			);
			inputPaths = (
			);
			name = "Embed Pods Frameworks";
			outputPaths = (
			);
			runOnlyForDeploymentPostprocessing = 0;
			shellPath = /bin/sh;
			shellScript = "\"${SRCROOT}/Pods/Target Support Files/Pods-BudgetRush/Pods-BudgetRush-frameworks.sh\"\n";
			showEnvVarsInLog = 0;
		};
		FB70CB9BE0BFC60815B0C10C /* Check Pods Manifest.lock */ = {
			isa = PBXShellScriptBuildPhase;
			buildActionMask = 2147483647;
			files = (
			);
			inputPaths = (
			);
			name = "Check Pods Manifest.lock";
			outputPaths = (
			);
			runOnlyForDeploymentPostprocessing = 0;
			shellPath = /bin/sh;
			shellScript = "diff \"${PODS_ROOT}/../Podfile.lock\" \"${PODS_ROOT}/Manifest.lock\" > /dev/null\nif [[ $? != 0 ]] ; then\n    cat << EOM\nerror: The sandbox is not in sync with the Podfile.lock. Run 'pod install' or update your CocoaPods installation.\nEOM\n    exit 1\nfi\n";
			showEnvVarsInLog = 0;
		};
/* End PBXShellScriptBuildPhase section */

/* Begin PBXSourcesBuildPhase section */
		320580BF1BBC9247001DDEF6 /* Sources */ = {
			isa = PBXSourcesBuildPhase;
			buildActionMask = 2147483647;
			files = (
				BF55F2CE1C04EA770050CAA1 /* DSAccountViewController.m in Sources */,
				BF55F2D11C04EAB70050CAA1 /* DSSignUpViewController.m in Sources */,
				32AEFEC01BC5F00C009B46CE /* DSBaseModel.m in Sources */,
				BF55F2C21C04E79E0050CAA1 /* DSTOSViewController.m in Sources */,
				BF55F2CB1C04E8FF0050CAA1 /* DSAccountsViewController.m in Sources */,
				9D7561781C1A3C9E0072CF14 /* DSCurrencyViewController.m in Sources */,
				BF55F2C81C04E8CD0050CAA1 /* DSSettingsViewController.m in Sources */,
				BFF1358B1BBD73100047AD90 /* DSTourViewController.m in Sources */,
				BFF135961BBD78390047AD90 /* DSContractor.m in Sources */,
				BFF135A21BBD83270047AD90 /* DSAccessToken.m in Sources */,
				BFF135A51BBD843B0047AD90 /* DSApiManager.m in Sources */,
				BF6174781C0BC86C00A52A46 /* DSCreateOrderViewController.m in Sources */,
				320580CB1BBC9247001DDEF6 /* AppDelegate.m in Sources */,
				BFF135901BBD75BE0047AD90 /* DSAccount.m in Sources */,
				BFF135931BBD77960047AD90 /* DSCategory.m in Sources */,
				320580C81BBC9247001DDEF6 /* main.m in Sources */,
				BFF135991BBD78F60047AD90 /* DSCurrency.m in Sources */,
				BFA747861BE44BF900843FC5 /* DSDataManager.m in Sources */,
				9D7561751C1A3C7D0072CF14 /* DSCategoryViewController.m in Sources */,
				BF55F2BC1C04E7600050CAA1 /* DSLoginViewController.m in Sources */,
				BF6174751C0BC82B00A52A46 /* DSViewOrdersViewController.m in Sources */,
				BFF1359F1BBD81D10047AD90 /* DSUser.m in Sources */,
				322844601BC3188B00541A05 /* AFNetworkActivityLogger.m in Sources */,
				BF55F2C51C04E7FE0050CAA1 /* DSRecoveryViewController.m in Sources */,
				BFF1359C1BBD7CE90047AD90 /* DSOrder.m in Sources */,
			);
			runOnlyForDeploymentPostprocessing = 0;
		};
		320580D81BBC9248001DDEF6 /* Sources */ = {
			isa = PBXSourcesBuildPhase;
			buildActionMask = 2147483647;
			files = (
				320580E11BBC9248001DDEF6 /* BudgetRushTests.m in Sources */,
			);
			runOnlyForDeploymentPostprocessing = 0;
		};
		320580E31BBC9248001DDEF6 /* Sources */ = {
			isa = PBXSourcesBuildPhase;
			buildActionMask = 2147483647;
			files = (
				320580EC1BBC9248001DDEF6 /* BudgetRushUITests.m in Sources */,
			);
			runOnlyForDeploymentPostprocessing = 0;
		};
/* End PBXSourcesBuildPhase section */

/* Begin PBXTargetDependency section */
		320580DE1BBC9248001DDEF6 /* PBXTargetDependency */ = {
			isa = PBXTargetDependency;
			target = 320580C21BBC9247001DDEF6 /* BudgetRush */;
			targetProxy = 320580DD1BBC9248001DDEF6 /* PBXContainerItemProxy */;
		};
		320580E91BBC9248001DDEF6 /* PBXTargetDependency */ = {
			isa = PBXTargetDependency;
			target = 320580C21BBC9247001DDEF6 /* BudgetRush */;
			targetProxy = 320580E81BBC9248001DDEF6 /* PBXContainerItemProxy */;
		};
/* End PBXTargetDependency section */

/* Begin PBXVariantGroup section */
		320580CF1BBC9247001DDEF6 /* Main.storyboard */ = {
			isa = PBXVariantGroup;
			children = (
				320580D01BBC9247001DDEF6 /* Base */,
			);
			name = Main.storyboard;
			sourceTree = "<group>";
		};
		320580D41BBC9247001DDEF6 /* LaunchScreen.storyboard */ = {
			isa = PBXVariantGroup;
			children = (
				320580D51BBC9247001DDEF6 /* Base */,
			);
			name = LaunchScreen.storyboard;
			sourceTree = "<group>";
		};
/* End PBXVariantGroup section */

/* Begin XCBuildConfiguration section */
		320580EE1BBC9248001DDEF6 /* Debug */ = {
			isa = XCBuildConfiguration;
			buildSettings = {
				ALWAYS_SEARCH_USER_PATHS = NO;
				CLANG_CXX_LANGUAGE_STANDARD = "gnu++0x";
				CLANG_CXX_LIBRARY = "libc++";
				CLANG_ENABLE_MODULES = YES;
				CLANG_ENABLE_OBJC_ARC = YES;
				CLANG_WARN_BOOL_CONVERSION = YES;
				CLANG_WARN_CONSTANT_CONVERSION = YES;
				CLANG_WARN_DIRECT_OBJC_ISA_USAGE = YES_ERROR;
				CLANG_WARN_EMPTY_BODY = YES;
				CLANG_WARN_ENUM_CONVERSION = YES;
				CLANG_WARN_INT_CONVERSION = YES;
				CLANG_WARN_OBJC_ROOT_CLASS = YES_ERROR;
				CLANG_WARN_UNREACHABLE_CODE = YES;
				CLANG_WARN__DUPLICATE_METHOD_MATCH = YES;
				"CODE_SIGN_IDENTITY[sdk=iphoneos*]" = "iPhone Developer";
				COPY_PHASE_STRIP = NO;
				DEBUG_INFORMATION_FORMAT = dwarf;
				ENABLE_STRICT_OBJC_MSGSEND = YES;
				ENABLE_TESTABILITY = YES;
				GCC_C_LANGUAGE_STANDARD = gnu99;
				GCC_DYNAMIC_NO_PIC = NO;
				GCC_NO_COMMON_BLOCKS = YES;
				GCC_OPTIMIZATION_LEVEL = 0;
				GCC_PREPROCESSOR_DEFINITIONS = (
					"DEBUG=1",
					"$(inherited)",
				);
				GCC_WARN_64_TO_32_BIT_CONVERSION = YES;
				GCC_WARN_ABOUT_RETURN_TYPE = YES_ERROR;
				GCC_WARN_UNDECLARED_SELECTOR = YES;
				GCC_WARN_UNINITIALIZED_AUTOS = YES_AGGRESSIVE;
				GCC_WARN_UNUSED_FUNCTION = YES;
				GCC_WARN_UNUSED_VARIABLE = YES;
				IPHONEOS_DEPLOYMENT_TARGET = 8.0;
				MTL_ENABLE_DEBUG_INFO = YES;
				ONLY_ACTIVE_ARCH = YES;
				SDKROOT = iphoneos;
				TARGETED_DEVICE_FAMILY = "1,2";
			};
			name = Debug;
		};
		320580EF1BBC9248001DDEF6 /* Release */ = {
			isa = XCBuildConfiguration;
			buildSettings = {
				ALWAYS_SEARCH_USER_PATHS = NO;
				CLANG_CXX_LANGUAGE_STANDARD = "gnu++0x";
				CLANG_CXX_LIBRARY = "libc++";
				CLANG_ENABLE_MODULES = YES;
				CLANG_ENABLE_OBJC_ARC = YES;
				CLANG_WARN_BOOL_CONVERSION = YES;
				CLANG_WARN_CONSTANT_CONVERSION = YES;
				CLANG_WARN_DIRECT_OBJC_ISA_USAGE = YES_ERROR;
				CLANG_WARN_EMPTY_BODY = YES;
				CLANG_WARN_ENUM_CONVERSION = YES;
				CLANG_WARN_INT_CONVERSION = YES;
				CLANG_WARN_OBJC_ROOT_CLASS = YES_ERROR;
				CLANG_WARN_UNREACHABLE_CODE = YES;
				CLANG_WARN__DUPLICATE_METHOD_MATCH = YES;
				"CODE_SIGN_IDENTITY[sdk=iphoneos*]" = "iPhone Developer";
				COPY_PHASE_STRIP = NO;
				DEBUG_INFORMATION_FORMAT = "dwarf-with-dsym";
				ENABLE_NS_ASSERTIONS = NO;
				ENABLE_STRICT_OBJC_MSGSEND = YES;
				GCC_C_LANGUAGE_STANDARD = gnu99;
				GCC_NO_COMMON_BLOCKS = YES;
				GCC_WARN_64_TO_32_BIT_CONVERSION = YES;
				GCC_WARN_ABOUT_RETURN_TYPE = YES_ERROR;
				GCC_WARN_UNDECLARED_SELECTOR = YES;
				GCC_WARN_UNINITIALIZED_AUTOS = YES_AGGRESSIVE;
				GCC_WARN_UNUSED_FUNCTION = YES;
				GCC_WARN_UNUSED_VARIABLE = YES;
				IPHONEOS_DEPLOYMENT_TARGET = 8.0;
				MTL_ENABLE_DEBUG_INFO = NO;
				SDKROOT = iphoneos;
				TARGETED_DEVICE_FAMILY = "1,2";
				VALIDATE_PRODUCT = YES;
			};
			name = Release;
		};
		320580F11BBC9248001DDEF6 /* Debug */ = {
			isa = XCBuildConfiguration;
			baseConfigurationReference = 4B41B08121D9ED967924F665 /* Pods-BudgetRush.debug.xcconfig */;
			buildSettings = {
				ASSETCATALOG_COMPILER_APPICON_NAME = AppIcon;
				INFOPLIST_FILE = BudgetRush/Info.plist;
				IPHONEOS_DEPLOYMENT_TARGET = 8.0;
				LD_RUNPATH_SEARCH_PATHS = "$(inherited) @executable_path/Frameworks";
				PRODUCT_BUNDLE_IDENTIFIER = com.provectus.BudgetRush;
				PRODUCT_NAME = "$(TARGET_NAME)";
				TARGETED_DEVICE_FAMILY = 1;
			};
			name = Debug;
		};
		320580F21BBC9248001DDEF6 /* Release */ = {
			isa = XCBuildConfiguration;
			baseConfigurationReference = 9B9FC88088F091ED097136AC /* Pods-BudgetRush.release.xcconfig */;
			buildSettings = {
				ASSETCATALOG_COMPILER_APPICON_NAME = AppIcon;
				INFOPLIST_FILE = BudgetRush/Info.plist;
				IPHONEOS_DEPLOYMENT_TARGET = 8.0;
				LD_RUNPATH_SEARCH_PATHS = "$(inherited) @executable_path/Frameworks";
				PRODUCT_BUNDLE_IDENTIFIER = com.provectus.BudgetRush;
				PRODUCT_NAME = "$(TARGET_NAME)";
				TARGETED_DEVICE_FAMILY = 1;
			};
			name = Release;
		};
		320580F41BBC9248001DDEF6 /* Debug */ = {
			isa = XCBuildConfiguration;
			buildSettings = {
				BUNDLE_LOADER = "$(TEST_HOST)";
				INFOPLIST_FILE = BudgetRushTests/Info.plist;
				LD_RUNPATH_SEARCH_PATHS = "$(inherited) @executable_path/Frameworks @loader_path/Frameworks";
				PRODUCT_BUNDLE_IDENTIFIER = com.provectus.BudgetRushTests;
				PRODUCT_NAME = "$(TARGET_NAME)";
				TEST_HOST = "$(BUILT_PRODUCTS_DIR)/BudgetRush.app/BudgetRush";
			};
			name = Debug;
		};
		320580F51BBC9248001DDEF6 /* Release */ = {
			isa = XCBuildConfiguration;
			buildSettings = {
				BUNDLE_LOADER = "$(TEST_HOST)";
				INFOPLIST_FILE = BudgetRushTests/Info.plist;
				LD_RUNPATH_SEARCH_PATHS = "$(inherited) @executable_path/Frameworks @loader_path/Frameworks";
				PRODUCT_BUNDLE_IDENTIFIER = com.provectus.BudgetRushTests;
				PRODUCT_NAME = "$(TARGET_NAME)";
				TEST_HOST = "$(BUILT_PRODUCTS_DIR)/BudgetRush.app/BudgetRush";
			};
			name = Release;
		};
		320580F71BBC9248001DDEF6 /* Debug */ = {
			isa = XCBuildConfiguration;
			buildSettings = {
				INFOPLIST_FILE = BudgetRushUITests/Info.plist;
				LD_RUNPATH_SEARCH_PATHS = "$(inherited) @executable_path/Frameworks @loader_path/Frameworks";
				PRODUCT_BUNDLE_IDENTIFIER = com.provectus.BudgetRushUITests;
				PRODUCT_NAME = "$(TARGET_NAME)";
				TEST_TARGET_NAME = BudgetRush;
				USES_XCTRUNNER = YES;
			};
			name = Debug;
		};
		320580F81BBC9248001DDEF6 /* Release */ = {
			isa = XCBuildConfiguration;
			buildSettings = {
				INFOPLIST_FILE = BudgetRushUITests/Info.plist;
				LD_RUNPATH_SEARCH_PATHS = "$(inherited) @executable_path/Frameworks @loader_path/Frameworks";
				PRODUCT_BUNDLE_IDENTIFIER = com.provectus.BudgetRushUITests;
				PRODUCT_NAME = "$(TARGET_NAME)";
				TEST_TARGET_NAME = BudgetRush;
				USES_XCTRUNNER = YES;
			};
			name = Release;
		};
/* End XCBuildConfiguration section */

/* Begin XCConfigurationList section */
		320580BE1BBC9247001DDEF6 /* Build configuration list for PBXProject "BudgetRush" */ = {
			isa = XCConfigurationList;
			buildConfigurations = (
				320580EE1BBC9248001DDEF6 /* Debug */,
				320580EF1BBC9248001DDEF6 /* Release */,
			);
			defaultConfigurationIsVisible = 0;
			defaultConfigurationName = Release;
		};
		320580F01BBC9248001DDEF6 /* Build configuration list for PBXNativeTarget "BudgetRush" */ = {
			isa = XCConfigurationList;
			buildConfigurations = (
				320580F11BBC9248001DDEF6 /* Debug */,
				320580F21BBC9248001DDEF6 /* Release */,
			);
			defaultConfigurationIsVisible = 0;
			defaultConfigurationName = Release;
		};
		320580F31BBC9248001DDEF6 /* Build configuration list for PBXNativeTarget "BudgetRushTests" */ = {
			isa = XCConfigurationList;
			buildConfigurations = (
				320580F41BBC9248001DDEF6 /* Debug */,
				320580F51BBC9248001DDEF6 /* Release */,
			);
			defaultConfigurationIsVisible = 0;
			defaultConfigurationName = Release;
		};
		320580F61BBC9248001DDEF6 /* Build configuration list for PBXNativeTarget "BudgetRushUITests" */ = {
			isa = XCConfigurationList;
			buildConfigurations = (
				320580F71BBC9248001DDEF6 /* Debug */,
				320580F81BBC9248001DDEF6 /* Release */,
			);
			defaultConfigurationIsVisible = 0;
			defaultConfigurationName = Release;
		};
/* End XCConfigurationList section */
	};
	rootObject = 320580BB1BBC9246001DDEF6 /* Project object */;
}
